// !$*UTF8*$!
{
	archiveVersion = 1;
	classes = {
	};
	objectVersion = 46;
	objects = {

/* Begin PBXBuildFile section */
		27E4614B1D4ECFD9003E38CA /* main.m in Sources */ = {isa = PBXBuildFile; fileRef = 27E4614A1D4ECFD9003E38CA /* main.m */; };
		27E4614E1D4ECFD9003E38CA /* AppDelegate.m in Sources */ = {isa = PBXBuildFile; fileRef = 27E4614D1D4ECFD9003E38CA /* AppDelegate.m */; };
		27E461511D4ECFD9003E38CA /* ViewController.m in Sources */ = {isa = PBXBuildFile; fileRef = 27E461501D4ECFD9003E38CA /* ViewController.m */; };
		27E461541D4ECFDA003E38CA /* Main.storyboard in Resources */ = {isa = PBXBuildFile; fileRef = 27E461521D4ECFDA003E38CA /* Main.storyboard */; };
		27E461561D4ECFDA003E38CA /* Assets.xcassets in Resources */ = {isa = PBXBuildFile; fileRef = 27E461551D4ECFDA003E38CA /* Assets.xcassets */; };
		27E461591D4ECFDA003E38CA /* LaunchScreen.storyboard in Resources */ = {isa = PBXBuildFile; fileRef = 27E461571D4ECFDA003E38CA /* LaunchScreen.storyboard */; };
		27E461641D4ECFDA003E38CA /* AFDemoTests.m in Sources */ = {isa = PBXBuildFile; fileRef = 27E461631D4ECFDA003E38CA /* AFDemoTests.m */; };
		27E4616F1D4ECFDA003E38CA /* AFDemoUITests.m in Sources */ = {isa = PBXBuildFile; fileRef = 27E4616E1D4ECFDA003E38CA /* AFDemoUITests.m */; };
/* End PBXBuildFile section */

/* Begin PBXContainerItemProxy section */
		27E461601D4ECFDA003E38CA /* PBXContainerItemProxy */ = {
			isa = PBXContainerItemProxy;
			containerPortal = 27E4613E1D4ECFD9003E38CA /* Project object */;
			proxyType = 1;
			remoteGlobalIDString = 27E461451D4ECFD9003E38CA;
			remoteInfo = AFDemo;
		};
		27E4616B1D4ECFDA003E38CA /* PBXContainerItemProxy */ = {
			isa = PBXContainerItemProxy;
			containerPortal = 27E4613E1D4ECFD9003E38CA /* Project object */;
			proxyType = 1;
			remoteGlobalIDString = 27E461451D4ECFD9003E38CA;
			remoteInfo = AFDemo;
		};
/* End PBXContainerItemProxy section */

/* Begin PBXFileReference section */
		27E461461D4ECFD9003E38CA /* AFDemo.app */ = {isa = PBXFileReference; explicitFileType = wrapper.application; includeInIndex = 0; path = AFDemo.app; sourceTree = BUILT_PRODUCTS_DIR; };
		27E4614A1D4ECFD9003E38CA /* main.m */ = {isa = PBXFileReference; lastKnownFileType = sourcecode.c.objc; path = main.m; sourceTree = "<group>"; };
		27E4614C1D4ECFD9003E38CA /* AppDelegate.h */ = {isa = PBXFileReference; lastKnownFileType = sourcecode.c.h; path = AppDelegate.h; sourceTree = "<group>"; };
		27E4614D1D4ECFD9003E38CA /* AppDelegate.m */ = {isa = PBXFileReference; lastKnownFileType = sourcecode.c.objc; path = AppDelegate.m; sourceTree = "<group>"; };
		27E4614F1D4ECFD9003E38CA /* ViewController.h */ = {isa = PBXFileReference; lastKnownFileType = sourcecode.c.h; path = ViewController.h; sourceTree = "<group>"; };
		27E461501D4ECFD9003E38CA /* ViewController.m */ = {isa = PBXFileReference; lastKnownFileType = sourcecode.c.objc; path = ViewController.m; sourceTree = "<group>"; };
		27E461531D4ECFDA003E38CA /* Base */ = {isa = PBXFileReference; lastKnownFileType = file.storyboard; name = Base; path = Base.lproj/Main.storyboard; sourceTree = "<group>"; };
		27E461551D4ECFDA003E38CA /* Assets.xcassets */ = {isa = PBXFileReference; lastKnownFileType = folder.assetcatalog; path = Assets.xcassets; sourceTree = "<group>"; };
		27E461581D4ECFDA003E38CA /* Base */ = {isa = PBXFileReference; lastKnownFileType = file.storyboard; name = Base; path = Base.lproj/LaunchScreen.storyboard; sourceTree = "<group>"; };
		27E4615A1D4ECFDA003E38CA /* Info.plist */ = {isa = PBXFileReference; lastKnownFileType = text.plist.xml; path = Info.plist; sourceTree = "<group>"; };
		27E4615F1D4ECFDA003E38CA /* AFDemoTests.xctest */ = {isa = PBXFileReference; explicitFileType = wrapper.cfbundle; includeInIndex = 0; path = AFDemoTests.xctest; sourceTree = BUILT_PRODUCTS_DIR; };
		27E461631D4ECFDA003E38CA /* AFDemoTests.m */ = {isa = PBXFileReference; lastKnownFileType = sourcecode.c.objc; path = AFDemoTests.m; sourceTree = "<group>"; };
		27E461651D4ECFDA003E38CA /* Info.plist */ = {isa = PBXFileReference; lastKnownFileType = text.plist.xml; path = Info.plist; sourceTree = "<group>"; };
		27E4616A1D4ECFDA003E38CA /* AFDemoUITests.xctest */ = {isa = PBXFileReference; explicitFileType = wrapper.cfbundle; includeInIndex = 0; path = AFDemoUITests.xctest; sourceTree = BUILT_PRODUCTS_DIR; };
		27E4616E1D4ECFDA003E38CA /* AFDemoUITests.m */ = {isa = PBXFileReference; lastKnownFileType = sourcecode.c.objc; path = AFDemoUITests.m; sourceTree = "<group>"; };
		27E461701D4ECFDA003E38CA /* Info.plist */ = {isa = PBXFileReference; lastKnownFileType = text.plist.xml; path = Info.plist; sourceTree = "<group>"; };
/* End PBXFileReference section */

/* Begin PBXFrameworksBuildPhase section */
		27E461431D4ECFD9003E38CA /* Frameworks */ = {
			isa = PBXFrameworksBuildPhase;
			buildActionMask = 2147483647;
			files = (
			);
			runOnlyForDeploymentPostprocessing = 0;
		};
		27E4615C1D4ECFDA003E38CA /* Frameworks */ = {
			isa = PBXFrameworksBuildPhase;
			buildActionMask = 2147483647;
			files = (
			);
			runOnlyForDeploymentPostprocessing = 0;
		};
		27E461671D4ECFDA003E38CA /* Frameworks */ = {
			isa = PBXFrameworksBuildPhase;
			buildActionMask = 2147483647;
			files = (
			);
			runOnlyForDeploymentPostprocessing = 0;
		};
/* End PBXFrameworksBuildPhase section */

/* Begin PBXGroup section */
		27E4613D1D4ECFD9003E38CA = {
			isa = PBXGroup;
			children = (
				27E461481D4ECFD9003E38CA /* AFDemo */,
				27E461621D4ECFDA003E38CA /* AFDemoTests */,
				27E4616D1D4ECFDA003E38CA /* AFDemoUITests */,
				27E461471D4ECFD9003E38CA /* Products */,
			);
			sourceTree = "<group>";
		};
		27E461471D4ECFD9003E38CA /* Products */ = {
			isa = PBXGroup;
			children = (
				27E461461D4ECFD9003E38CA /* AFDemo.app */,
				27E4615F1D4ECFDA003E38CA /* AFDemoTests.xctest */,
				27E4616A1D4ECFDA003E38CA /* AFDemoUITests.xctest */,
			);
			name = Products;
			sourceTree = "<group>";
		};
		27E461481D4ECFD9003E38CA /* AFDemo */ = {
			isa = PBXGroup;
			children = (
				27E4614C1D4ECFD9003E38CA /* AppDelegate.h */,
				27E4614D1D4ECFD9003E38CA /* AppDelegate.m */,
				27E4614F1D4ECFD9003E38CA /* ViewController.h */,
				27E461501D4ECFD9003E38CA /* ViewController.m */,
				27E461521D4ECFDA003E38CA /* Main.storyboard */,
				27E461551D4ECFDA003E38CA /* Assets.xcassets */,
				27E461571D4ECFDA003E38CA /* LaunchScreen.storyboard */,
				27E4615A1D4ECFDA003E38CA /* Info.plist */,
				27E461491D4ECFD9003E38CA /* Supporting Files */,
			);
			path = AFDemo;
			sourceTree = "<group>";
		};
		27E461491D4ECFD9003E38CA /* Supporting Files */ = {
			isa = PBXGroup;
			children = (
				27E4614A1D4ECFD9003E38CA /* main.m */,
			);
			name = "Supporting Files";
			sourceTree = "<group>";
		};
		27E461621D4ECFDA003E38CA /* AFDemoTests */ = {
			isa = PBXGroup;
			children = (
				27E461631D4ECFDA003E38CA /* AFDemoTests.m */,
				27E461651D4ECFDA003E38CA /* Info.plist */,
			);
			path = AFDemoTests;
			sourceTree = "<group>";
		};
		27E4616D1D4ECFDA003E38CA /* AFDemoUITests */ = {
			isa = PBXGroup;
			children = (
				27E4616E1D4ECFDA003E38CA /* AFDemoUITests.m */,
				27E461701D4ECFDA003E38CA /* Info.plist */,
			);
			path = AFDemoUITests;
			sourceTree = "<group>";
		};
/* End PBXGroup section */

/* Begin PBXNativeTarget section */
		27E461451D4ECFD9003E38CA /* AFDemo */ = {
			isa = PBXNativeTarget;
			buildConfigurationList = 27E461731D4ECFDA003E38CA /* Build configuration list for PBXNativeTarget "AFDemo" */;
			buildPhases = (
				27E461421D4ECFD9003E38CA /* Sources */,
				27E461431D4ECFD9003E38CA /* Frameworks */,
				27E461441D4ECFD9003E38CA /* Resources */,
			);
			buildRules = (
			);
			dependencies = (
			);
			name = AFDemo;
			productName = AFDemo;
			productReference = 27E461461D4ECFD9003E38CA /* AFDemo.app */;
			productType = "com.apple.product-type.application";
		};
		27E4615E1D4ECFDA003E38CA /* AFDemoTests */ = {
			isa = PBXNativeTarget;
			buildConfigurationList = 27E461761D4ECFDA003E38CA /* Build configuration list for PBXNativeTarget "AFDemoTests" */;
			buildPhases = (
				27E4615B1D4ECFDA003E38CA /* Sources */,
				27E4615C1D4ECFDA003E38CA /* Frameworks */,
				27E4615D1D4ECFDA003E38CA /* Resources */,
			);
			buildRules = (
			);
			dependencies = (
				27E461611D4ECFDA003E38CA /* PBXTargetDependency */,
			);
			name = AFDemoTests;
			productName = AFDemoTests;
			productReference = 27E4615F1D4ECFDA003E38CA /* AFDemoTests.xctest */;
			productType = "com.apple.product-type.bundle.unit-test";
		};
		27E461691D4ECFDA003E38CA /* AFDemoUITests */ = {
			isa = PBXNativeTarget;
			buildConfigurationList = 27E461791D4ECFDA003E38CA /* Build configuration list for PBXNativeTarget "AFDemoUITests" */;
			buildPhases = (
				27E461661D4ECFDA003E38CA /* Sources */,
				27E461671D4ECFDA003E38CA /* Frameworks */,
				27E461681D4ECFDA003E38CA /* Resources */,
			);
			buildRules = (
			);
			dependencies = (
				27E4616C1D4ECFDA003E38CA /* PBXTargetDependency */,
			);
			name = AFDemoUITests;
			productName = AFDemoUITests;
			productReference = 27E4616A1D4ECFDA003E38CA /* AFDemoUITests.xctest */;
			productType = "com.apple.product-type.bundle.ui-testing";
		};
/* End PBXNativeTarget section */

/* Begin PBXProject section */
		27E4613E1D4ECFD9003E38CA /* Project object */ = {
			isa = PBXProject;
			attributes = {
				LastUpgradeCheck = 0730;
				ORGANIZATIONNAME = mike;
				TargetAttributes = {
					27E461451D4ECFD9003E38CA = {
						CreatedOnToolsVersion = 7.3.1;
						DevelopmentTeam = U5JVA728VN;
					};
					27E4615E1D4ECFDA003E38CA = {
						CreatedOnToolsVersion = 7.3.1;
						DevelopmentTeam = U5JVA728VN;
						TestTargetID = 27E461451D4ECFD9003E38CA;
					};
					27E461691D4ECFDA003E38CA = {
						CreatedOnToolsVersion = 7.3.1;
						DevelopmentTeam = U5JVA728VN;
						TestTargetID = 27E461451D4ECFD9003E38CA;
					};
				};
			};
			buildConfigurationList = 27E461411D4ECFD9003E38CA /* Build configuration list for PBXProject "AFDemo" */;
			compatibilityVersion = "Xcode 3.2";
			developmentRegion = English;
			hasScannedForEncodings = 0;
			knownRegions = (
				en,
				Base,
			);
			mainGroup = 27E4613D1D4ECFD9003E38CA;
			productRefGroup = 27E461471D4ECFD9003E38CA /* Products */;
			projectDirPath = "";
			projectRoot = "";
			targets = (
				27E461451D4ECFD9003E38CA /* AFDemo */,
				27E4615E1D4ECFDA003E38CA /* AFDemoTests */,
				27E461691D4ECFDA003E38CA /* AFDemoUITests */,
			);
		};
/* End PBXProject section */

/* Begin PBXResourcesBuildPhase section */
		27E461441D4ECFD9003E38CA /* Resources */ = {
			isa = PBXResourcesBuildPhase;
			buildActionMask = 2147483647;
			files = (
				27E461591D4ECFDA003E38CA /* LaunchScreen.storyboard in Resources */,
				27E461561D4ECFDA003E38CA /* Assets.xcassets in Resources */,
				27E461541D4ECFDA003E38CA /* Main.storyboard in Resources */,
			);
			runOnlyForDeploymentPostprocessing = 0;
		};
		27E4615D1D4ECFDA003E38CA /* Resources */ = {
			isa = PBXResourcesBuildPhase;
			buildActionMask = 2147483647;
			files = (
			);
			runOnlyForDeploymentPostprocessing = 0;
		};
		27E461681D4ECFDA003E38CA /* Resources */ = {
			isa = PBXResourcesBuildPhase;
			buildActionMask = 2147483647;
			files = (
			);
			runOnlyForDeploymentPostprocessing = 0;
		};
/* End PBXResourcesBuildPhase section */

/* Begin PBXSourcesBuildPhase section */
		27E461421D4ECFD9003E38CA /* Sources */ = {
			isa = PBXSourcesBuildPhase;
			buildActionMask = 2147483647;
			files = (
				27E461511D4ECFD9003E38CA /* ViewController.m in Sources */,
				27E4614E1D4ECFD9003E38CA /* AppDelegate.m in Sources */,
				27E4614B1D4ECFD9003E38CA /* main.m in Sources */,
			);
			runOnlyForDeploymentPostprocessing = 0;
		};
		27E4615B1D4ECFDA003E38CA /* Sources */ = {
			isa = PBXSourcesBuildPhase;
			buildActionMask = 2147483647;
			files = (
				27E461641D4ECFDA003E38CA /* AFDemoTests.m in Sources */,
			);
			runOnlyForDeploymentPostprocessing = 0;
		};
		27E461661D4ECFDA003E38CA /* Sources */ = {
			isa = PBXSourcesBuildPhase;
			buildActionMask = 2147483647;
			files = (
				27E4616F1D4ECFDA003E38CA /* AFDemoUITests.m in Sources */,
			);
			runOnlyForDeploymentPostprocessing = 0;
		};
/* End PBXSourcesBuildPhase section */

/* Begin PBXTargetDependency section */
		27E461611D4ECFDA003E38CA /* PBXTargetDependency */ = {
			isa = PBXTargetDependency;
			target = 27E461451D4ECFD9003E38CA /* AFDemo */;
			targetProxy = 27E461601D4ECFDA003E38CA /* PBXContainerItemProxy */;
		};
		27E4616C1D4ECFDA003E38CA /* PBXTargetDependency */ = {
			isa = PBXTargetDependency;
			target = 27E461451D4ECFD9003E38CA /* AFDemo */;
			targetProxy = 27E4616B1D4ECFDA003E38CA /* PBXContainerItemProxy */;
		};
/* End PBXTargetDependency section */

/* Begin PBXVariantGroup section */
		27E461521D4ECFDA003E38CA /* Main.storyboard */ = {
			isa = PBXVariantGroup;
			children = (
				27E461531D4ECFDA003E38CA /* Base */,
			);
			name = Main.storyboard;
			sourceTree = "<group>";
		};
		27E461571D4ECFDA003E38CA /* LaunchScreen.storyboard */ = {
			isa = PBXVariantGroup;
			children = (
				27E461581D4ECFDA003E38CA /* Base */,
			);
			name = LaunchScreen.storyboard;
			sourceTree = "<group>";
		};
/* End PBXVariantGroup section */

/* Begin XCBuildConfiguration section */
		27E461711D4ECFDA003E38CA /* Debug */ = {
			isa = XCBuildConfiguration;
			buildSettings = {
				ALWAYS_SEARCH_USER_PATHS = NO;
				CLANG_ANALYZER_NONNULL = YES;
				CLANG_CXX_LANGUAGE_STANDARD = "gnu++0x";
				CLANG_CXX_LIBRARY = "libc++";
				CLANG_ENABLE_MODULES = YES;
				CLANG_ENABLE_OBJC_ARC = YES;
				CLANG_WARN_BOOL_CONVERSION = YES;
				CLANG_WARN_CONSTANT_CONVERSION = YES;
				CLANG_WARN_DIRECT_OBJC_ISA_USAGE = YES_ERROR;
				CLANG_WARN_EMPTY_BODY = YES;
				CLANG_WARN_ENUM_CONVERSION = YES;
				CLANG_WARN_INT_CONVERSION = YES;
				CLANG_WARN_OBJC_ROOT_CLASS = YES_ERROR;
				CLANG_WARN_UNREACHABLE_CODE = YES;
				CLANG_WARN__DUPLICATE_METHOD_MATCH = YES;
				"CODE_SIGN_IDENTITY[sdk=iphoneos*]" = "iPhone Developer";
				COPY_PHASE_STRIP = NO;
				DEBUG_INFORMATION_FORMAT = dwarf;
				ENABLE_STRICT_OBJC_MSGSEND = YES;
				ENABLE_TESTABILITY = YES;
				GCC_C_LANGUAGE_STANDARD = gnu99;
				GCC_DYNAMIC_NO_PIC = NO;
				GCC_NO_COMMON_BLOCKS = YES;
				GCC_OPTIMIZATION_LEVEL = 0;
				GCC_PREPROCESSOR_DEFINITIONS = (
					"DEBUG=1",
					"$(inherited)",
				);
				GCC_WARN_64_TO_32_BIT_CONVERSION = YES;
				GCC_WARN_ABOUT_RETURN_TYPE = YES_ERROR;
				GCC_WARN_UNDECLARED_SELECTOR = YES;
				GCC_WARN_UNINITIALIZED_AUTOS = YES_AGGRESSIVE;
				GCC_WARN_UNUSED_FUNCTION = YES;
				GCC_WARN_UNUSED_VARIABLE = YES;
				IPHONEOS_DEPLOYMENT_TARGET = 9.3;
				MTL_ENABLE_DEBUG_INFO = YES;
				ONLY_ACTIVE_ARCH = YES;
				SDKROOT = iphoneos;
				TARGETED_DEVICE_FAMILY = "1,2";
			};
			name = Debug;
		};
		27E461721D4ECFDA003E38CA /* Release */ = {
			isa = XCBuildConfiguration;
			buildSettings = {
				ALWAYS_SEARCH_USER_PATHS = NO;
				CLANG_ANALYZER_NONNULL = YES;
				CLANG_CXX_LANGUAGE_STANDARD = "gnu++0x";
				CLANG_CXX_LIBRARY = "libc++";
				CLANG_ENABLE_MODULES = YES;
				CLANG_ENABLE_OBJC_ARC = YES;
				CLANG_WARN_BOOL_CONVERSION = YES;
				CLANG_WARN_CONSTANT_CONVERSION = YES;
				CLANG_WARN_DIRECT_OBJC_ISA_USAGE = YES_ERROR;
				CLANG_WARN_EMPTY_BODY = YES;
				CLANG_WARN_ENUM_CONVERSION = YES;
				CLANG_WARN_INT_CONVERSION = YES;
				CLANG_WARN_OBJC_ROOT_CLASS = YES_ERROR;
				CLANG_WARN_UNREACHABLE_CODE = YES;
				CLANG_WARN__DUPLICATE_METHOD_MATCH = YES;
				"CODE_SIGN_IDENTITY[sdk=iphoneos*]" = "iPhone Developer";
				COPY_PHASE_STRIP = NO;
				DEBUG_INFORMATION_FORMAT = "dwarf-with-dsym";
				ENABLE_NS_ASSERTIONS = NO;
				ENABLE_STRICT_OBJC_MSGSEND = YES;
				GCC_C_LANGUAGE_STANDARD = gnu99;
				GCC_NO_COMMON_BLOCKS = YES;
				GCC_WARN_64_TO_32_BIT_CONVERSION = YES;
				GCC_WARN_ABOUT_RETURN_TYPE = YES_ERROR;
				GCC_WARN_UNDECLARED_SELECTOR = YES;
				GCC_WARN_UNINITIALIZED_AUTOS = YES_AGGRESSIVE;
				GCC_WARN_UNUSED_FUNCTION = YES;
				GCC_WARN_UNUSED_VARIABLE = YES;
				IPHONEOS_DEPLOYMENT_TARGET = 9.3;
				MTL_ENABLE_DEBUG_INFO = NO;
				SDKROOT = iphoneos;
				TARGETED_DEVICE_FAMILY = "1,2";
				VALIDATE_PRODUCT = YES;
			};
			name = Release;
		};
		27E461741D4ECFDA003E38CA /* Debug */ = {
			isa = XCBuildConfiguration;
			buildSettings = {
				ASSETCATALOG_COMPILER_APPICON_NAME = AppIcon;
				INFOPLIST_FILE = AFDemo/Info.plist;
				LD_RUNPATH_SEARCH_PATHS = "$(inherited) @executable_path/Frameworks";
				PRODUCT_BUNDLE_IDENTIFIER = com.ShangZhangPing.AFDemo;
				PRODUCT_NAME = "$(TARGET_NAME)";
			};
			name = Debug;
		};
		27E461751D4ECFDA003E38CA /* Release */ = {
			isa = XCBuildConfiguration;
			buildSettings = {
				ASSETCATALOG_COMPILER_APPICON_NAME = AppIcon;
				INFOPLIST_FILE = AFDemo/Info.plist;
				LD_RUNPATH_SEARCH_PATHS = "$(inherited) @executable_path/Frameworks";
				PRODUCT_BUNDLE_IDENTIFIER = com.ShangZhangPing.AFDemo;
				PRODUCT_NAME = "$(TARGET_NAME)";
			};
			name = Release;
		};
		27E461771D4ECFDA003E38CA /* Debug */ = {
			isa = XCBuildConfiguration;
			buildSettings = {
				BUNDLE_LOADER = "$(TEST_HOST)";
				INFOPLIST_FILE = AFDemoTests/Info.plist;
				LD_RUNPATH_SEARCH_PATHS = "$(inherited) @executable_path/Frameworks @loader_path/Frameworks";
				PRODUCT_BUNDLE_IDENTIFIER = com.ShangZhangPing.AFDemoTests;
				PRODUCT_NAME = "$(TARGET_NAME)";
				TEST_HOST = "$(BUILT_PRODUCTS_DIR)/AFDemo.app/AFDemo";
			};
			name = Debug;
		};
		27E461781D4ECFDA003E38CA /* Release */ = {
			isa = XCBuildConfiguration;
			buildSettings = {
				BUNDLE_LOADER = "$(TEST_HOST)";
				INFOPLIST_FILE = AFDemoTests/Info.plist;
				LD_RUNPATH_SEARCH_PATHS = "$(inherited) @executable_path/Frameworks @loader_path/Frameworks";
				PRODUCT_BUNDLE_IDENTIFIER = com.ShangZhangPing.AFDemoTests;
				PRODUCT_NAME = "$(TARGET_NAME)";
				TEST_HOST = "$(BUILT_PRODUCTS_DIR)/AFDemo.app/AFDemo";
			};
			name = Release;
		};
		27E4617A1D4ECFDA003E38CA /* Debug */ = {
			isa = XCBuildConfiguration;
			buildSettings = {
				INFOPLIST_FILE = AFDemoUITests/Info.plist;
				LD_RUNPATH_SEARCH_PATHS = "$(inherited) @executable_path/Frameworks @loader_path/Frameworks";
				PRODUCT_BUNDLE_IDENTIFIER = com.ShangZhangPing.AFDemoUITests;
				PRODUCT_NAME = "$(TARGET_NAME)";
				TEST_TARGET_NAME = AFDemo;
			};
			name = Debug;
		};
		27E4617B1D4ECFDA003E38CA /* Release */ = {
			isa = XCBuildConfiguration;
			buildSettings = {
				INFOPLIST_FILE = AFDemoUITests/Info.plist;
				LD_RUNPATH_SEARCH_PATHS = "$(inherited) @executable_path/Frameworks @loader_path/Frameworks";
				PRODUCT_BUNDLE_IDENTIFIER = com.ShangZhangPing.AFDemoUITests;
				PRODUCT_NAME = "$(TARGET_NAME)";
				TEST_TARGET_NAME = AFDemo;
			};
			name = Release;
		};
/* End XCBuildConfiguration section */

/* Begin XCConfigurationList section */
		27E461411D4ECFD9003E38CA /* Build configuration list for PBXProject "AFDemo" */ = {
			isa = XCConfigurationList;
			buildConfigurations = (
				27E461711D4ECFDA003E38CA /* Debug */,
				27E461721D4ECFDA003E38CA /* Release */,
			);
			defaultConfigurationIsVisible = 0;
			defaultConfigurationName = Release;
		};
		27E461731D4ECFDA003E38CA /* Build configuration list for PBXNativeTarget "AFDemo" */ = {
			isa = XCConfigurationList;
			buildConfigurations = (
				27E461741D4ECFDA003E38CA /* Debug */,
				27E461751D4ECFDA003E38CA /* Release */,
			);
			defaultConfigurationIsVisible = 0;
		};
		27E461761D4ECFDA003E38CA /* Build configuration list for PBXNativeTarget "AFDemoTests" */ = {
			isa = XCConfigurationList;
			buildConfigurations = (
				27E461771D4ECFDA003E38CA /* Debug */,
				27E461781D4ECFDA003E38CA /* Release */,
			);
			defaultConfigurationIsVisible = 0;
		};
		27E461791D4ECFDA003E38CA /* Build configuration list for PBXNativeTarget "AFDemoUITests" */ = {
			isa = XCConfigurationList;
			buildConfigurations = (
				27E4617A1D4ECFDA003E38CA /* Debug */,
				27E4617B1D4ECFDA003E38CA /* Release */,
			);
			defaultConfigurationIsVisible = 0;
		};
/* End XCConfigurationList section */
	};
	rootObject = 27E4613E1D4ECFD9003E38CA /* Project object */;
}
